// !$*UTF8*$!
{
	archiveVersion = 1;
	classes = {
	};
	objectVersion = 46;
	objects = {

/* Begin PBXBuildFile section */
		5714B8631C9DC37900B4FEC7 /* LaunchScreen.storyboard in Resources */ = {isa = PBXBuildFile; fileRef = 5714B8611C9DC37900B4FEC7 /* LaunchScreen.storyboard */; };
		5715FC481CBEED5400044118 /* Beep short 07.mp3 in Resources */ = {isa = PBXBuildFile; fileRef = 5715FC451CBEED5400044118 /* Beep short 07.mp3 */; };
		5715FC491CBEED5400044118 /* Beep short 14.mp3 in Resources */ = {isa = PBXBuildFile; fileRef = 5715FC461CBEED5400044118 /* Beep short 14.mp3 */; };
		5715FC4A1CBEED5400044118 /* Beep short 16.mp3 in Resources */ = {isa = PBXBuildFile; fileRef = 5715FC471CBEED5400044118 /* Beep short 16.mp3 */; };
		5715FC4D1CBEFB6C00044118 /* Multimedia button click 193.mp3 in Resources */ = {isa = PBXBuildFile; fileRef = 5715FC4B1CBEFB6C00044118 /* Multimedia button click 193.mp3 */; };
		5715FC4E1CBEFB6C00044118 /* Multimedia button click 194.mp3 in Resources */ = {isa = PBXBuildFile; fileRef = 5715FC4C1CBEFB6C00044118 /* Multimedia button click 194.mp3 */; };
		5715FC501CBEFBAA00044118 /* Audio.swift in Sources */ = {isa = PBXBuildFile; fileRef = 5715FC4F1CBEFBAA00044118 /* Audio.swift */; };
		5715FC511CBEFBAA00044118 /* Audio.swift in Sources */ = {isa = PBXBuildFile; fileRef = 5715FC4F1CBEFBAA00044118 /* Audio.swift */; };
		5715FC521CBEFBAA00044118 /* Audio.swift in Sources */ = {isa = PBXBuildFile; fileRef = 5715FC4F1CBEFBAA00044118 /* Audio.swift */; };
		5715FC541CBEFD7C00044118 /* Multimedia button click 158.mp3 in Resources */ = {isa = PBXBuildFile; fileRef = 5715FC531CBEFD7C00044118 /* Multimedia button click 158.mp3 */; };
		5715FC551CBEFD7C00044118 /* Multimedia button click 158.mp3 in Resources */ = {isa = PBXBuildFile; fileRef = 5715FC531CBEFD7C00044118 /* Multimedia button click 158.mp3 */; };
		5715FC561CBEFD7C00044118 /* Multimedia button click 158.mp3 in Resources */ = {isa = PBXBuildFile; fileRef = 5715FC531CBEFD7C00044118 /* Multimedia button click 158.mp3 */; };
		5715FC581CBEFDDA00044118 /* Multimedia button click 54.mp3 in Resources */ = {isa = PBXBuildFile; fileRef = 5715FC571CBEFDDA00044118 /* Multimedia button click 54.mp3 */; };
		5715FC591CBEFDDA00044118 /* Multimedia button click 54.mp3 in Resources */ = {isa = PBXBuildFile; fileRef = 5715FC571CBEFDDA00044118 /* Multimedia button click 54.mp3 */; };
		5715FC5A1CBEFDDA00044118 /* Multimedia button click 54.mp3 in Resources */ = {isa = PBXBuildFile; fileRef = 5715FC571CBEFDDA00044118 /* Multimedia button click 54.mp3 */; };
		5730C8641C9BA4B7009145B2 /* ControllerOfThemes.swift in Sources */ = {isa = PBXBuildFile; fileRef = 5730C8631C9BA4B7009145B2 /* ControllerOfThemes.swift */; };
		5730C8651C9BA4B7009145B2 /* ControllerOfThemes.swift in Sources */ = {isa = PBXBuildFile; fileRef = 5730C8631C9BA4B7009145B2 /* ControllerOfThemes.swift */; };
		5730C8661C9BA4B7009145B2 /* ControllerOfThemes.swift in Sources */ = {isa = PBXBuildFile; fileRef = 5730C8631C9BA4B7009145B2 /* ControllerOfThemes.swift */; };
		574880F31C89EEF100A3806F /* AppDelegate.swift in Sources */ = {isa = PBXBuildFile; fileRef = 574880F21C89EEF100A3806F /* AppDelegate.swift */; };
		574880FA1C89EEF100A3806F /* Main.storyboard in Resources */ = {isa = PBXBuildFile; fileRef = 574880F81C89EEF100A3806F /* Main.storyboard */; };
		574880FC1C89EEF100A3806F /* Assets.xcassets in Resources */ = {isa = PBXBuildFile; fileRef = 574880FB1C89EEF100A3806F /* Assets.xcassets */; };
		5748810A1C89EEF100A3806F /* productGroceriesTests.swift in Sources */ = {isa = PBXBuildFile; fileRef = 574881091C89EEF100A3806F /* productGroceriesTests.swift */; };
		574881151C89EEF100A3806F /* productGroceriesUITests.swift in Sources */ = {isa = PBXBuildFile; fileRef = 574881141C89EEF100A3806F /* productGroceriesUITests.swift */; };
		574AD0BF1CBC6A6F0008A580 /* productGroceries.xcdatamodeld in Sources */ = {isa = PBXBuildFile; fileRef = 574AD0BD1CBC6A6F0008A580 /* productGroceries.xcdatamodeld */; };
		5759A1101C98BEC200C788A3 /* ControllerOfSettings.swift in Sources */ = {isa = PBXBuildFile; fileRef = 5759A10F1C98BEC200C788A3 /* ControllerOfSettings.swift */; };
		5759A1111C98BEC200C788A3 /* ControllerOfSettings.swift in Sources */ = {isa = PBXBuildFile; fileRef = 5759A10F1C98BEC200C788A3 /* ControllerOfSettings.swift */; };
		57692ADF1EF4135C00C3370C /* GenericControllerOfList.swift in Sources */ = {isa = PBXBuildFile; fileRef = 57692ADB1EF4135C00C3370C /* GenericControllerOfList.swift */; };
		57692AE01EF4135C00C3370C /* GenericControllerOfPickerOfColor.swift in Sources */ = {isa = PBXBuildFile; fileRef = 57692ADC1EF4135C00C3370C /* GenericControllerOfPickerOfColor.swift */; };
		57692AE11EF4135C00C3370C /* GenericControllerOfPickerOfFont.swift in Sources */ = {isa = PBXBuildFile; fileRef = 57692ADD1EF4135C00C3370C /* GenericControllerOfPickerOfFont.swift */; };
		57692AE21EF4135C00C3370C /* GenericControllerOfSettings.swift in Sources */ = {isa = PBXBuildFile; fileRef = 57692ADE1EF4135C00C3370C /* GenericControllerOfSettings.swift */; };
		57810E731F1983F200C3C612 /* TGF.framework in Frameworks */ = {isa = PBXBuildFile; fileRef = 57692AEA1EF4139C00C3370C /* TGF.framework */; };
		57810E741F1983F200C3C612 /* TGF.framework in Embed Frameworks */ = {isa = PBXBuildFile; fileRef = 57692AEA1EF4139C00C3370C /* TGF.framework */; settings = {ATTRIBUTES = (CodeSignOnCopy, RemoveHeadersOnCopy, ); }; };
		57A159BC1C90981C0031036F /* ControllerOfItems.swift in Sources */ = {isa = PBXBuildFile; fileRef = 57A159BB1C90981C0031036F /* ControllerOfItems.swift */; };
		57A159BD1C90981C0031036F /* ControllerOfItems.swift in Sources */ = {isa = PBXBuildFile; fileRef = 57A159BB1C90981C0031036F /* ControllerOfItems.swift */; };
		57A159BE1C90981C0031036F /* ControllerOfItems.swift in Sources */ = {isa = PBXBuildFile; fileRef = 57A159BB1C90981C0031036F /* ControllerOfItems.swift */; };
		57A159C01C90B1C90031036F /* ControllerOfSummary.swift in Sources */ = {isa = PBXBuildFile; fileRef = 57A159BF1C90B1C90031036F /* ControllerOfSummary.swift */; };
		57A159C11C90B1C90031036F /* ControllerOfSummary.swift in Sources */ = {isa = PBXBuildFile; fileRef = 57A159BF1C90B1C90031036F /* ControllerOfSummary.swift */; };
		57A159C21C90B1C90031036F /* ControllerOfSummary.swift in Sources */ = {isa = PBXBuildFile; fileRef = 57A159BF1C90B1C90031036F /* ControllerOfSummary.swift */; };
		57A159C41C90F4CE0031036F /* Data.swift in Sources */ = {isa = PBXBuildFile; fileRef = 57A159C31C90F4CE0031036F /* Data.swift */; };
		57A159C51C90F4CE0031036F /* Data.swift in Sources */ = {isa = PBXBuildFile; fileRef = 57A159C31C90F4CE0031036F /* Data.swift */; };
		57B215B21C91FB2C004B86A2 /* ControllerOfCategories.swift in Sources */ = {isa = PBXBuildFile; fileRef = 57B215B11C91FB2C004B86A2 /* ControllerOfCategories.swift */; };
		57E4F8C21F19582900CB92AD /* image-launch-1242x2208.png in Resources */ = {isa = PBXBuildFile; fileRef = 57E4F8C11F19582900CB92AD /* image-launch-1242x2208.png */; };
/* End PBXBuildFile section */

/* Begin PBXContainerItemProxy section */
		574881061C89EEF100A3806F /* PBXContainerItemProxy */ = {
			isa = PBXContainerItemProxy;
			containerPortal = 574880E71C89EEF000A3806F /* Project object */;
			proxyType = 1;
			remoteGlobalIDString = 574880EE1C89EEF000A3806F;
			remoteInfo = productGroceries;
		};
		574881111C89EEF100A3806F /* PBXContainerItemProxy */ = {
			isa = PBXContainerItemProxy;
			containerPortal = 574880E71C89EEF000A3806F /* Project object */;
			proxyType = 1;
			remoteGlobalIDString = 574880EE1C89EEF000A3806F;
			remoteInfo = productGroceries;
		};
		57692AE91EF4139C00C3370C /* PBXContainerItemProxy */ = {
			isa = PBXContainerItemProxy;
			containerPortal = 57692AE31EF4139C00C3370C /* TGF.xcodeproj */;
			proxyType = 2;
			remoteGlobalIDString = 5779AEEE1CFB4B40006F8E4D;
			remoteInfo = TGF;
		};
		57692AEB1EF4139C00C3370C /* PBXContainerItemProxy */ = {
			isa = PBXContainerItemProxy;
			containerPortal = 57692AE31EF4139C00C3370C /* TGF.xcodeproj */;
			proxyType = 2;
			remoteGlobalIDString = 5779AEF81CFB4B41006F8E4D;
			remoteInfo = TGFTests;
		};
		57692AED1EF4139C00C3370C /* PBXContainerItemProxy */ = {
			isa = PBXContainerItemProxy;
			containerPortal = 57692AE31EF4139C00C3370C /* TGF.xcodeproj */;
			proxyType = 2;
			remoteGlobalIDString = 5766D37B1EBA1C58002BA898;
			remoteInfo = UIViewShowcase;
		};
		57810E751F1983F200C3C612 /* PBXContainerItemProxy */ = {
			isa = PBXContainerItemProxy;
			containerPortal = 57692AE31EF4139C00C3370C /* TGF.xcodeproj */;
			proxyType = 1;
			remoteGlobalIDString = 5779AEED1CFB4B40006F8E4D;
			remoteInfo = TGF;
		};
/* End PBXContainerItemProxy section */

/* Begin PBXCopyFilesBuildPhase section */
		57810E771F1983F200C3C612 /* Embed Frameworks */ = {
			isa = PBXCopyFilesBuildPhase;
			buildActionMask = 2147483647;
			dstPath = "";
			dstSubfolderSpec = 10;
			files = (
				57810E741F1983F200C3C612 /* TGF.framework in Embed Frameworks */,
			);
			name = "Embed Frameworks";
			runOnlyForDeploymentPostprocessing = 0;
		};
/* End PBXCopyFilesBuildPhase section */

/* Begin PBXFileReference section */
		5714B8621C9DC37900B4FEC7 /* Base */ = {isa = PBXFileReference; lastKnownFileType = file.storyboard; name = Base; path = productGroceries/Base.lproj/LaunchScreen.storyboard; sourceTree = "<group>"; };
		5715FC451CBEED5400044118 /* Beep short 07.mp3 */ = {isa = PBXFileReference; lastKnownFileType = audio.mp3; name = "Beep short 07.mp3"; path = "Resources/Audio/Beep short 07.mp3"; sourceTree = "<group>"; };
		5715FC461CBEED5400044118 /* Beep short 14.mp3 */ = {isa = PBXFileReference; lastKnownFileType = audio.mp3; name = "Beep short 14.mp3"; path = "Resources/Audio/Beep short 14.mp3"; sourceTree = "<group>"; };
		5715FC471CBEED5400044118 /* Beep short 16.mp3 */ = {isa = PBXFileReference; lastKnownFileType = audio.mp3; name = "Beep short 16.mp3"; path = "Resources/Audio/Beep short 16.mp3"; sourceTree = "<group>"; };
		5715FC4B1CBEFB6C00044118 /* Multimedia button click 193.mp3 */ = {isa = PBXFileReference; lastKnownFileType = audio.mp3; name = "Multimedia button click 193.mp3"; path = "Resources/Audio/Multimedia button click 193.mp3"; sourceTree = "<group>"; };
		5715FC4C1CBEFB6C00044118 /* Multimedia button click 194.mp3 */ = {isa = PBXFileReference; lastKnownFileType = audio.mp3; name = "Multimedia button click 194.mp3"; path = "Resources/Audio/Multimedia button click 194.mp3"; sourceTree = "<group>"; };
		5715FC4F1CBEFBAA00044118 /* Audio.swift */ = {isa = PBXFileReference; fileEncoding = 4; lastKnownFileType = sourcecode.swift; path = Audio.swift; sourceTree = "<group>"; };
		5715FC531CBEFD7C00044118 /* Multimedia button click 158.mp3 */ = {isa = PBXFileReference; lastKnownFileType = audio.mp3; name = "Multimedia button click 158.mp3"; path = "Resources/Audio/Multimedia button click 158.mp3"; sourceTree = "<group>"; };
		5715FC571CBEFDDA00044118 /* Multimedia button click 54.mp3 */ = {isa = PBXFileReference; lastKnownFileType = audio.mp3; name = "Multimedia button click 54.mp3"; path = "Resources/Audio/Multimedia button click 54.mp3"; sourceTree = "<group>"; };
		5730C8631C9BA4B7009145B2 /* ControllerOfThemes.swift */ = {isa = PBXFileReference; fileEncoding = 4; lastKnownFileType = sourcecode.swift; path = ControllerOfThemes.swift; sourceTree = "<group>"; };
		574880EF1C89EEF000A3806F /* Grocerio.app */ = {isa = PBXFileReference; explicitFileType = wrapper.application; includeInIndex = 0; path = Grocerio.app; sourceTree = BUILT_PRODUCTS_DIR; };
		574880F21C89EEF100A3806F /* AppDelegate.swift */ = {isa = PBXFileReference; lastKnownFileType = sourcecode.swift; lineEnding = 0; path = AppDelegate.swift; sourceTree = "<group>"; xcLanguageSpecificationIdentifier = xcode.lang.swift; };
		574880F91C89EEF100A3806F /* Base */ = {isa = PBXFileReference; lastKnownFileType = file.storyboard; name = Base; path = Base.lproj/Main.storyboard; sourceTree = "<group>"; };
		574880FB1C89EEF100A3806F /* Assets.xcassets */ = {isa = PBXFileReference; lastKnownFileType = folder.assetcatalog; path = Assets.xcassets; sourceTree = "<group>"; };
		574881001C89EEF100A3806F /* Info.plist */ = {isa = PBXFileReference; lastKnownFileType = text.plist.xml; path = Info.plist; sourceTree = "<group>"; };
		574881051C89EEF100A3806F /* productGroceriesTests.xctest */ = {isa = PBXFileReference; explicitFileType = wrapper.cfbundle; includeInIndex = 0; path = productGroceriesTests.xctest; sourceTree = BUILT_PRODUCTS_DIR; };
		574881091C89EEF100A3806F /* productGroceriesTests.swift */ = {isa = PBXFileReference; lastKnownFileType = sourcecode.swift; path = productGroceriesTests.swift; sourceTree = "<group>"; };
		5748810B1C89EEF100A3806F /* Info.plist */ = {isa = PBXFileReference; lastKnownFileType = text.plist.xml; path = Info.plist; sourceTree = "<group>"; };
		574881101C89EEF100A3806F /* productGroceriesUITests.xctest */ = {isa = PBXFileReference; explicitFileType = wrapper.cfbundle; includeInIndex = 0; path = productGroceriesUITests.xctest; sourceTree = BUILT_PRODUCTS_DIR; };
		574881141C89EEF100A3806F /* productGroceriesUITests.swift */ = {isa = PBXFileReference; lastKnownFileType = sourcecode.swift; path = productGroceriesUITests.swift; sourceTree = "<group>"; };
		574881161C89EEF100A3806F /* Info.plist */ = {isa = PBXFileReference; lastKnownFileType = text.plist.xml; path = Info.plist; sourceTree = "<group>"; };
		574AD0BE1CBC6A6F0008A580 /* productGroceries.xcdatamodel */ = {isa = PBXFileReference; lastKnownFileType = wrapper.xcdatamodel; path = productGroceries.xcdatamodel; sourceTree = "<group>"; };
		5759A10F1C98BEC200C788A3 /* ControllerOfSettings.swift */ = {isa = PBXFileReference; fileEncoding = 4; lastKnownFileType = sourcecode.swift; lineEnding = 0; path = ControllerOfSettings.swift; sourceTree = "<group>"; xcLanguageSpecificationIdentifier = xcode.lang.swift; };
		57692ADB1EF4135C00C3370C /* GenericControllerOfList.swift */ = {isa = PBXFileReference; fileEncoding = 4; lastKnownFileType = sourcecode.swift; path = GenericControllerOfList.swift; sourceTree = "<group>"; };
		57692ADC1EF4135C00C3370C /* GenericControllerOfPickerOfColor.swift */ = {isa = PBXFileReference; fileEncoding = 4; lastKnownFileType = sourcecode.swift; path = GenericControllerOfPickerOfColor.swift; sourceTree = "<group>"; };
		57692ADD1EF4135C00C3370C /* GenericControllerOfPickerOfFont.swift */ = {isa = PBXFileReference; fileEncoding = 4; lastKnownFileType = sourcecode.swift; path = GenericControllerOfPickerOfFont.swift; sourceTree = "<group>"; };
		57692ADE1EF4135C00C3370C /* GenericControllerOfSettings.swift */ = {isa = PBXFileReference; fileEncoding = 4; lastKnownFileType = sourcecode.swift; path = GenericControllerOfSettings.swift; sourceTree = "<group>"; };
		57692AE31EF4139C00C3370C /* TGF.xcodeproj */ = {isa = PBXFileReference; lastKnownFileType = "wrapper.pb-project"; name = TGF.xcodeproj; path = ../TGF/TGF/TGF.xcodeproj; sourceTree = "<group>"; };
		57A159BB1C90981C0031036F /* ControllerOfItems.swift */ = {isa = PBXFileReference; fileEncoding = 4; lastKnownFileType = sourcecode.swift; path = ControllerOfItems.swift; sourceTree = "<group>"; };
		57A159BF1C90B1C90031036F /* ControllerOfSummary.swift */ = {isa = PBXFileReference; fileEncoding = 4; lastKnownFileType = sourcecode.swift; lineEnding = 0; path = ControllerOfSummary.swift; sourceTree = "<group>"; xcLanguageSpecificationIdentifier = xcode.lang.swift; };
		57A159C31C90F4CE0031036F /* Data.swift */ = {isa = PBXFileReference; fileEncoding = 4; lastKnownFileType = sourcecode.swift; lineEnding = 0; path = Data.swift; sourceTree = "<group>"; xcLanguageSpecificationIdentifier = xcode.lang.swift; };
		57B215B11C91FB2C004B86A2 /* ControllerOfCategories.swift */ = {isa = PBXFileReference; fileEncoding = 4; lastKnownFileType = sourcecode.swift; lineEnding = 0; path = ControllerOfCategories.swift; sourceTree = "<group>"; xcLanguageSpecificationIdentifier = xcode.lang.swift; };
		57E4F8C11F19582900CB92AD /* image-launch-1242x2208.png */ = {isa = PBXFileReference; lastKnownFileType = image.png; name = "image-launch-1242x2208.png"; path = "productGroceries/Resources/App/image-launch-1242x2208.png"; sourceTree = "<group>"; };
/* End PBXFileReference section */

/* Begin PBXFrameworksBuildPhase section */
		574880EC1C89EEF000A3806F /* Frameworks */ = {
			isa = PBXFrameworksBuildPhase;
			buildActionMask = 2147483647;
			files = (
				57810E731F1983F200C3C612 /* TGF.framework in Frameworks */,
			);
			runOnlyForDeploymentPostprocessing = 0;
		};
		574881021C89EEF100A3806F /* Frameworks */ = {
			isa = PBXFrameworksBuildPhase;
			buildActionMask = 2147483647;
			files = (
			);
			runOnlyForDeploymentPostprocessing = 0;
		};
		5748810D1C89EEF100A3806F /* Frameworks */ = {
			isa = PBXFrameworksBuildPhase;
			buildActionMask = 2147483647;
			files = (
			);
			runOnlyForDeploymentPostprocessing = 0;
		};
/* End PBXFrameworksBuildPhase section */

/* Begin PBXGroup section */
		5715FC431CBEED3700044118 /* Resources */ = {
			isa = PBXGroup;
			children = (
				5715FC441CBEED3D00044118 /* Audio */,
			);
			name = Resources;
			sourceTree = "<group>";
		};
		5715FC441CBEED3D00044118 /* Audio */ = {
			isa = PBXGroup;
			children = (
				5715FC451CBEED5400044118 /* Beep short 07.mp3 */,
				5715FC461CBEED5400044118 /* Beep short 14.mp3 */,
				5715FC471CBEED5400044118 /* Beep short 16.mp3 */,
				5715FC571CBEFDDA00044118 /* Multimedia button click 54.mp3 */,
				5715FC531CBEFD7C00044118 /* Multimedia button click 158.mp3 */,
				5715FC4B1CBEFB6C00044118 /* Multimedia button click 193.mp3 */,
				5715FC4C1CBEFB6C00044118 /* Multimedia button click 194.mp3 */,
			);
			name = Audio;
			sourceTree = "<group>";
		};
		574880E61C89EEF000A3806F = {
			isa = PBXGroup;
			children = (
				57E4F8C11F19582900CB92AD /* image-launch-1242x2208.png */,
				57692AE31EF4139C00C3370C /* TGF.xcodeproj */,
				574AD0BD1CBC6A6F0008A580 /* productGroceries.xcdatamodeld */,
				574880F11C89EEF000A3806F /* productGroceries */,
				574881081C89EEF100A3806F /* productGroceriesTests */,
				574881131C89EEF100A3806F /* productGroceriesUITests */,
				574880F01C89EEF000A3806F /* Products */,
			);
			sourceTree = "<group>";
		};
		574880F01C89EEF000A3806F /* Products */ = {
			isa = PBXGroup;
			children = (
				574880EF1C89EEF000A3806F /* Grocerio.app */,
				574881051C89EEF100A3806F /* productGroceriesTests.xctest */,
				574881101C89EEF100A3806F /* productGroceriesUITests.xctest */,
			);
			name = Products;
			sourceTree = "<group>";
		};
		574880F11C89EEF000A3806F /* productGroceries */ = {
			isa = PBXGroup;
			children = (
				574880F21C89EEF100A3806F /* AppDelegate.swift */,
				574880FB1C89EEF100A3806F /* Assets.xcassets */,
				5715FC4F1CBEFBAA00044118 /* Audio.swift */,
				57B215B11C91FB2C004B86A2 /* ControllerOfCategories.swift */,
				57A159BB1C90981C0031036F /* ControllerOfItems.swift */,
				5759A10F1C98BEC200C788A3 /* ControllerOfSettings.swift */,
				57A159BF1C90B1C90031036F /* ControllerOfSummary.swift */,
				5730C8631C9BA4B7009145B2 /* ControllerOfThemes.swift */,
				57A159C31C90F4CE0031036F /* Data.swift */,
				57B408C01CBC138C00FCD6FA /* Generic */,
				574881001C89EEF100A3806F /* Info.plist */,
				5714B8611C9DC37900B4FEC7 /* LaunchScreen.storyboard */,
				574880F81C89EEF100A3806F /* Main.storyboard */,
				5715FC431CBEED3700044118 /* Resources */,
			);
			path = productGroceries;
			sourceTree = "<group>";
		};
		574881081C89EEF100A3806F /* productGroceriesTests */ = {
			isa = PBXGroup;
			children = (
				574881091C89EEF100A3806F /* productGroceriesTests.swift */,
				5748810B1C89EEF100A3806F /* Info.plist */,
			);
			path = productGroceriesTests;
			sourceTree = "<group>";
		};
		574881131C89EEF100A3806F /* productGroceriesUITests */ = {
			isa = PBXGroup;
			children = (
				574881141C89EEF100A3806F /* productGroceriesUITests.swift */,
				574881161C89EEF100A3806F /* Info.plist */,
			);
			path = productGroceriesUITests;
			sourceTree = "<group>";
		};
		57692AE41EF4139C00C3370C /* Products */ = {
			isa = PBXGroup;
			children = (
				57692AEA1EF4139C00C3370C /* TGF.framework */,
				57692AEC1EF4139C00C3370C /* TGFTests.xctest */,
				57692AEE1EF4139C00C3370C /* UIViewShowcase.app */,
			);
			name = Products;
			sourceTree = "<group>";
		};
		57B408C01CBC138C00FCD6FA /* Generic */ = {
			isa = PBXGroup;
			children = (
				57692ADB1EF4135C00C3370C /* GenericControllerOfList.swift */,
				57692ADC1EF4135C00C3370C /* GenericControllerOfPickerOfColor.swift */,
				57692ADD1EF4135C00C3370C /* GenericControllerOfPickerOfFont.swift */,
				57692ADE1EF4135C00C3370C /* GenericControllerOfSettings.swift */,
			);
			name = Generic;
			path = ../TGF;
			sourceTree = SOURCE_ROOT;
		};
/* End PBXGroup section */

/* Begin PBXNativeTarget section */
		574880EE1C89EEF000A3806F /* productGroceries */ = {
			isa = PBXNativeTarget;
			buildConfigurationList = 574881191C89EEF100A3806F /* Build configuration list for PBXNativeTarget "productGroceries" */;
			buildPhases = (
				574880EB1C89EEF000A3806F /* Sources */,
				574880EC1C89EEF000A3806F /* Frameworks */,
				574880ED1C89EEF000A3806F /* Resources */,
				57810E771F1983F200C3C612 /* Embed Frameworks */,
			);
			buildRules = (
			);
			dependencies = (
				57810E761F1983F200C3C612 /* PBXTargetDependency */,
			);
			name = productGroceries;
			productName = productGroceries;
			productReference = 574880EF1C89EEF000A3806F /* Grocerio.app */;
			productType = "com.apple.product-type.application";
		};
		574881041C89EEF100A3806F /* productGroceriesTests */ = {
			isa = PBXNativeTarget;
			buildConfigurationList = 5748811C1C89EEF100A3806F /* Build configuration list for PBXNativeTarget "productGroceriesTests" */;
			buildPhases = (
				574881011C89EEF100A3806F /* Sources */,
				574881021C89EEF100A3806F /* Frameworks */,
				574881031C89EEF100A3806F /* Resources */,
			);
			buildRules = (
			);
			dependencies = (
				574881071C89EEF100A3806F /* PBXTargetDependency */,
			);
			name = productGroceriesTests;
			productName = productGroceriesTests;
			productReference = 574881051C89EEF100A3806F /* productGroceriesTests.xctest */;
			productType = "com.apple.product-type.bundle.unit-test";
		};
		5748810F1C89EEF100A3806F /* productGroceriesUITests */ = {
			isa = PBXNativeTarget;
			buildConfigurationList = 5748811F1C89EEF100A3806F /* Build configuration list for PBXNativeTarget "productGroceriesUITests" */;
			buildPhases = (
				5748810C1C89EEF100A3806F /* Sources */,
				5748810D1C89EEF100A3806F /* Frameworks */,
				5748810E1C89EEF100A3806F /* Resources */,
			);
			buildRules = (
			);
			dependencies = (
				574881121C89EEF100A3806F /* PBXTargetDependency */,
			);
			name = productGroceriesUITests;
			productName = productGroceriesUITests;
			productReference = 574881101C89EEF100A3806F /* productGroceriesUITests.xctest */;
			productType = "com.apple.product-type.bundle.ui-testing";
		};
/* End PBXNativeTarget section */

/* Begin PBXProject section */
		574880E71C89EEF000A3806F /* Project object */ = {
			isa = PBXProject;
			attributes = {
				LastSwiftUpdateCheck = 0720;
				LastUpgradeCheck = 0720;
				ORGANIZATIONNAME = "Tiny Game Factory LLC";
				TargetAttributes = {
					574880EE1C89EEF000A3806F = {
						CreatedOnToolsVersion = 7.2.1;
						DevelopmentTeam = 5AKM62S97F;
						LastSwiftMigration = 0830;
					};
					574881041C89EEF100A3806F = {
						CreatedOnToolsVersion = 7.2.1;
						LastSwiftMigration = 0830;
					};
					5748810F1C89EEF100A3806F = {
						CreatedOnToolsVersion = 7.2.1;
						LastSwiftMigration = 0830;
					};
				};
			};
			buildConfigurationList = 574880EA1C89EEF000A3806F /* Build configuration list for PBXProject "productGroceries" */;
			compatibilityVersion = "Xcode 3.2";
			developmentRegion = English;
			hasScannedForEncodings = 0;
			knownRegions = (
				en,
				Base,
			);
			mainGroup = 574880E61C89EEF000A3806F;
			productRefGroup = 574880F01C89EEF000A3806F /* Products */;
			projectDirPath = "";
			projectReferences = (
				{
					ProductGroup = 57692AE41EF4139C00C3370C /* Products */;
					ProjectRef = 57692AE31EF4139C00C3370C /* TGF.xcodeproj */;
				},
			);
			projectRoot = "";
			targets = (
				574880EE1C89EEF000A3806F /* productGroceries */,
				574881041C89EEF100A3806F /* productGroceriesTests */,
				5748810F1C89EEF100A3806F /* productGroceriesUITests */,
			);
		};
/* End PBXProject section */

/* Begin PBXReferenceProxy section */
		57692AEA1EF4139C00C3370C /* TGF.framework */ = {
			isa = PBXReferenceProxy;
			fileType = wrapper.framework;
			path = TGF.framework;
			remoteRef = 57692AE91EF4139C00C3370C /* PBXContainerItemProxy */;
			sourceTree = BUILT_PRODUCTS_DIR;
		};
		57692AEC1EF4139C00C3370C /* TGFTests.xctest */ = {
			isa = PBXReferenceProxy;
			fileType = wrapper.cfbundle;
			path = TGFTests.xctest;
			remoteRef = 57692AEB1EF4139C00C3370C /* PBXContainerItemProxy */;
			sourceTree = BUILT_PRODUCTS_DIR;
		};
		57692AEE1EF4139C00C3370C /* UIViewShowcase.app */ = {
			isa = PBXReferenceProxy;
			fileType = wrapper.application;
			path = UIViewShowcase.app;
			remoteRef = 57692AED1EF4139C00C3370C /* PBXContainerItemProxy */;
			sourceTree = BUILT_PRODUCTS_DIR;
		};
/* End PBXReferenceProxy section */

/* Begin PBXResourcesBuildPhase section */
		574880ED1C89EEF000A3806F /* Resources */ = {
			isa = PBXResourcesBuildPhase;
			buildActionMask = 2147483647;
			files = (
				5715FC581CBEFDDA00044118 /* Multimedia button click 54.mp3 in Resources */,
				5715FC541CBEFD7C00044118 /* Multimedia button click 158.mp3 in Resources */,
				5715FC4E1CBEFB6C00044118 /* Multimedia button click 194.mp3 in Resources */,
				5714B8631C9DC37900B4FEC7 /* LaunchScreen.storyboard in Resources */,
				5715FC4D1CBEFB6C00044118 /* Multimedia button click 193.mp3 in Resources */,
				57E4F8C21F19582900CB92AD /* image-launch-1242x2208.png in Resources */,
				574880FC1C89EEF100A3806F /* Assets.xcassets in Resources */,
				5715FC491CBEED5400044118 /* Beep short 14.mp3 in Resources */,
				5715FC481CBEED5400044118 /* Beep short 07.mp3 in Resources */,
				5715FC4A1CBEED5400044118 /* Beep short 16.mp3 in Resources */,
				574880FA1C89EEF100A3806F /* Main.storyboard in Resources */,
			);
			runOnlyForDeploymentPostprocessing = 0;
		};
		574881031C89EEF100A3806F /* Resources */ = {
			isa = PBXResourcesBuildPhase;
			buildActionMask = 2147483647;
			files = (
				5715FC591CBEFDDA00044118 /* Multimedia button click 54.mp3 in Resources */,
				5715FC551CBEFD7C00044118 /* Multimedia button click 158.mp3 in Resources */,
			);
			runOnlyForDeploymentPostprocessing = 0;
		};
		5748810E1C89EEF100A3806F /* Resources */ = {
			isa = PBXResourcesBuildPhase;
			buildActionMask = 2147483647;
			files = (
				5715FC5A1CBEFDDA00044118 /* Multimedia button click 54.mp3 in Resources */,
				5715FC561CBEFD7C00044118 /* Multimedia button click 158.mp3 in Resources */,
			);
			runOnlyForDeploymentPostprocessing = 0;
		};
/* End PBXResourcesBuildPhase section */

/* Begin PBXSourcesBuildPhase section */
		574880EB1C89EEF000A3806F /* Sources */ = {
			isa = PBXSourcesBuildPhase;
			buildActionMask = 2147483647;
			files = (
				57692AE11EF4135C00C3370C /* GenericControllerOfPickerOfFont.swift in Sources */,
				57692ADF1EF4135C00C3370C /* GenericControllerOfList.swift in Sources */,
				5759A1101C98BEC200C788A3 /* ControllerOfSettings.swift in Sources */,
				57A159C41C90F4CE0031036F /* Data.swift in Sources */,
				5715FC501CBEFBAA00044118 /* Audio.swift in Sources */,
				57A159BC1C90981C0031036F /* ControllerOfItems.swift in Sources */,
				57692AE01EF4135C00C3370C /* GenericControllerOfPickerOfColor.swift in Sources */,
				574880F31C89EEF100A3806F /* AppDelegate.swift in Sources */,
				5730C8641C9BA4B7009145B2 /* ControllerOfThemes.swift in Sources */,
				57A159C01C90B1C90031036F /* ControllerOfSummary.swift in Sources */,
				57692AE21EF4135C00C3370C /* GenericControllerOfSettings.swift in Sources */,
				574AD0BF1CBC6A6F0008A580 /* productGroceries.xcdatamodeld in Sources */,
				57B215B21C91FB2C004B86A2 /* ControllerOfCategories.swift in Sources */,
			);
			runOnlyForDeploymentPostprocessing = 0;
		};
		574881011C89EEF100A3806F /* Sources */ = {
			isa = PBXSourcesBuildPhase;
			buildActionMask = 2147483647;
			files = (
				5759A1111C98BEC200C788A3 /* ControllerOfSettings.swift in Sources */,
				57A159C51C90F4CE0031036F /* Data.swift in Sources */,
				57A159BD1C90981C0031036F /* ControllerOfItems.swift in Sources */,
				5730C8651C9BA4B7009145B2 /* ControllerOfThemes.swift in Sources */,
				5748810A1C89EEF100A3806F /* productGroceriesTests.swift in Sources */,
				57A159C11C90B1C90031036F /* ControllerOfSummary.swift in Sources */,
				5715FC511CBEFBAA00044118 /* Audio.swift in Sources */,
			);
			runOnlyForDeploymentPostprocessing = 0;
		};
		5748810C1C89EEF100A3806F /* Sources */ = {
			isa = PBXSourcesBuildPhase;
			buildActionMask = 2147483647;
			files = (
				57A159BE1C90981C0031036F /* ControllerOfItems.swift in Sources */,
				574881151C89EEF100A3806F /* productGroceriesUITests.swift in Sources */,
				5730C8661C9BA4B7009145B2 /* ControllerOfThemes.swift in Sources */,
				57A159C21C90B1C90031036F /* ControllerOfSummary.swift in Sources */,
				5715FC521CBEFBAA00044118 /* Audio.swift in Sources */,
			);
			runOnlyForDeploymentPostprocessing = 0;
		};
/* End PBXSourcesBuildPhase section */

/* Begin PBXTargetDependency section */
		574881071C89EEF100A3806F /* PBXTargetDependency */ = {
			isa = PBXTargetDependency;
			target = 574880EE1C89EEF000A3806F /* productGroceries */;
			targetProxy = 574881061C89EEF100A3806F /* PBXContainerItemProxy */;
		};
		574881121C89EEF100A3806F /* PBXTargetDependency */ = {
			isa = PBXTargetDependency;
			target = 574880EE1C89EEF000A3806F /* productGroceries */;
			targetProxy = 574881111C89EEF100A3806F /* PBXContainerItemProxy */;
		};
		57810E761F1983F200C3C612 /* PBXTargetDependency */ = {
			isa = PBXTargetDependency;
			name = TGF;
			targetProxy = 57810E751F1983F200C3C612 /* PBXContainerItemProxy */;
		};
/* End PBXTargetDependency section */

/* Begin PBXVariantGroup section */
		5714B8611C9DC37900B4FEC7 /* LaunchScreen.storyboard */ = {
			isa = PBXVariantGroup;
			children = (
				5714B8621C9DC37900B4FEC7 /* Base */,
			);
			name = LaunchScreen.storyboard;
			path = ..;
			sourceTree = "<group>";
		};
		574880F81C89EEF100A3806F /* Main.storyboard */ = {
			isa = PBXVariantGroup;
			children = (
				574880F91C89EEF100A3806F /* Base */,
			);
			name = Main.storyboard;
			sourceTree = "<group>";
		};
/* End PBXVariantGroup section */

/* Begin XCBuildConfiguration section */
		574881171C89EEF100A3806F /* Debug */ = {
			isa = XCBuildConfiguration;
			buildSettings = {
				ALWAYS_EMBED_SWIFT_STANDARD_LIBRARIES = NO;
				ALWAYS_SEARCH_USER_PATHS = NO;
				CLANG_CXX_LANGUAGE_STANDARD = "gnu++0x";
				CLANG_CXX_LIBRARY = "libc++";
				CLANG_ENABLE_MODULES = YES;
				CLANG_ENABLE_OBJC_ARC = YES;
				CLANG_WARN_BOOL_CONVERSION = YES;
				CLANG_WARN_CONSTANT_CONVERSION = YES;
				CLANG_WARN_DIRECT_OBJC_ISA_USAGE = YES_ERROR;
				CLANG_WARN_EMPTY_BODY = YES;
				CLANG_WARN_ENUM_CONVERSION = YES;
				CLANG_WARN_INT_CONVERSION = YES;
				CLANG_WARN_OBJC_ROOT_CLASS = YES_ERROR;
				CLANG_WARN_UNREACHABLE_CODE = YES;
				CLANG_WARN__DUPLICATE_METHOD_MATCH = YES;
				"CODE_SIGN_IDENTITY[sdk=iphoneos*]" = "iPhone Developer";
				COPY_PHASE_STRIP = NO;
				DEBUG_INFORMATION_FORMAT = dwarf;
				ENABLE_STRICT_OBJC_MSGSEND = YES;
				ENABLE_TESTABILITY = YES;
				GCC_C_LANGUAGE_STANDARD = gnu99;
				GCC_DYNAMIC_NO_PIC = NO;
				GCC_NO_COMMON_BLOCKS = YES;
				GCC_OPTIMIZATION_LEVEL = 0;
				GCC_PREPROCESSOR_DEFINITIONS = (
					"DEBUG=1",
					"$(inherited)",
				);
				GCC_WARN_64_TO_32_BIT_CONVERSION = YES;
				GCC_WARN_ABOUT_RETURN_TYPE = YES_ERROR;
				GCC_WARN_UNDECLARED_SELECTOR = YES;
				GCC_WARN_UNINITIALIZED_AUTOS = YES_AGGRESSIVE;
				GCC_WARN_UNUSED_FUNCTION = YES;
				GCC_WARN_UNUSED_VARIABLE = YES;
				IPHONEOS_DEPLOYMENT_TARGET = 10.0;
				MTL_ENABLE_DEBUG_INFO = YES;
				ONLY_ACTIVE_ARCH = YES;
				SDKROOT = iphoneos;
				SWIFT_OPTIMIZATION_LEVEL = "-Onone";
			};
			name = Debug;
		};
		574881181C89EEF100A3806F /* Release */ = {
			isa = XCBuildConfiguration;
			buildSettings = {
				ALWAYS_EMBED_SWIFT_STANDARD_LIBRARIES = NO;
				ALWAYS_SEARCH_USER_PATHS = NO;
				CLANG_CXX_LANGUAGE_STANDARD = "gnu++0x";
				CLANG_CXX_LIBRARY = "libc++";
				CLANG_ENABLE_MODULES = YES;
				CLANG_ENABLE_OBJC_ARC = YES;
				CLANG_WARN_BOOL_CONVERSION = YES;
				CLANG_WARN_CONSTANT_CONVERSION = YES;
				CLANG_WARN_DIRECT_OBJC_ISA_USAGE = YES_ERROR;
				CLANG_WARN_EMPTY_BODY = YES;
				CLANG_WARN_ENUM_CONVERSION = YES;
				CLANG_WARN_INT_CONVERSION = YES;
				CLANG_WARN_OBJC_ROOT_CLASS = YES_ERROR;
				CLANG_WARN_UNREACHABLE_CODE = YES;
				CLANG_WARN__DUPLICATE_METHOD_MATCH = YES;
				"CODE_SIGN_IDENTITY[sdk=iphoneos*]" = "iPhone Developer";
				COPY_PHASE_STRIP = NO;
				DEBUG_INFORMATION_FORMAT = "dwarf-with-dsym";
				ENABLE_NS_ASSERTIONS = NO;
				ENABLE_STRICT_OBJC_MSGSEND = YES;
				GCC_C_LANGUAGE_STANDARD = gnu99;
				GCC_NO_COMMON_BLOCKS = YES;
				GCC_WARN_64_TO_32_BIT_CONVERSION = YES;
				GCC_WARN_ABOUT_RETURN_TYPE = YES_ERROR;
				GCC_WARN_UNDECLARED_SELECTOR = YES;
				GCC_WARN_UNINITIALIZED_AUTOS = YES_AGGRESSIVE;
				GCC_WARN_UNUSED_FUNCTION = YES;
				GCC_WARN_UNUSED_VARIABLE = YES;
				IPHONEOS_DEPLOYMENT_TARGET = 10.0;
				MTL_ENABLE_DEBUG_INFO = NO;
				SDKROOT = iphoneos;
				VALIDATE_PRODUCT = YES;
			};
			name = Release;
		};
		5748811A1C89EEF100A3806F /* Debug */ = {
			isa = XCBuildConfiguration;
			buildSettings = {
				ALWAYS_EMBED_SWIFT_STANDARD_LIBRARIES = YES;
				ASSETCATALOG_COMPILER_APPICON_NAME = AppIcon;
				CODE_SIGN_IDENTITY = "iPhone Developer";
				"CODE_SIGN_IDENTITY[sdk=iphoneos*]" = "iPhone Developer";
				DEVELOPMENT_TEAM = 5AKM62S97F;
				INFOPLIST_FILE = productGroceries/Info.plist;
				IPHONEOS_DEPLOYMENT_TARGET = 10.0;
				LD_RUNPATH_SEARCH_PATHS = "$(inherited) @executable_path/Frameworks";
				PRODUCT_BUNDLE_IDENTIFIER = com.tinygamefactory.groceries;
				PRODUCT_NAME = Grocerio;
				PROVISIONING_PROFILE = "";
				SWIFT_VERSION = 3.0;
			};
			name = Debug;
		};
		5748811B1C89EEF100A3806F /* Release */ = {
			isa = XCBuildConfiguration;
			buildSettings = {
				ALWAYS_EMBED_SWIFT_STANDARD_LIBRARIES = YES;
				ASSETCATALOG_COMPILER_APPICON_NAME = AppIcon;
				CODE_SIGN_IDENTITY = "iPhone Developer";
				"CODE_SIGN_IDENTITY[sdk=iphoneos*]" = "iPhone Developer";
				DEVELOPMENT_TEAM = 5AKM62S97F;
				INFOPLIST_FILE = productGroceries/Info.plist;
				IPHONEOS_DEPLOYMENT_TARGET = 10.0;
				LD_RUNPATH_SEARCH_PATHS = "$(inherited) @executable_path/Frameworks";
				PRODUCT_BUNDLE_IDENTIFIER = com.tinygamefactory.groceries;
				PRODUCT_NAME = Grocerio;
				PROVISIONING_PROFILE = "";
				SWIFT_VERSION = 3.0;
			};
			name = Release;
		};
		5748811D1C89EEF100A3806F /* Debug */ = {
			isa = XCBuildConfiguration;
			buildSettings = {
				INFOPLIST_FILE = productGroceriesTests/Info.plist;
				LD_RUNPATH_SEARCH_PATHS = "$(inherited) @executable_path/Frameworks @loader_path/Frameworks";
				PRODUCT_BUNDLE_IDENTIFIER = com.tinygamefactory.productGroceriesTests;
				PRODUCT_NAME = "$(TARGET_NAME)";
				SWIFT_VERSION = 3.0;
			};
			name = Debug;
		};
		5748811E1C89EEF100A3806F /* Release */ = {
			isa = XCBuildConfiguration;
			buildSettings = {
				INFOPLIST_FILE = productGroceriesTests/Info.plist;
				LD_RUNPATH_SEARCH_PATHS = "$(inherited) @executable_path/Frameworks @loader_path/Frameworks";
				PRODUCT_BUNDLE_IDENTIFIER = com.tinygamefactory.productGroceriesTests;
				PRODUCT_NAME = "$(TARGET_NAME)";
				SWIFT_VERSION = 3.0;
			};
			name = Release;
		};
		574881201C89EEF100A3806F /* Debug */ = {
			isa = XCBuildConfiguration;
			buildSettings = {
				INFOPLIST_FILE = productGroceriesUITests/Info.plist;
				LD_RUNPATH_SEARCH_PATHS = "$(inherited) @executable_path/Frameworks @loader_path/Frameworks";
				PRODUCT_BUNDLE_IDENTIFIER = com.tinygamefactory.productGroceriesUITests;
				PRODUCT_NAME = "$(TARGET_NAME)";
				PROVISIONING_PROFILE = "";
				SWIFT_VERSION = 3.0;
				USES_XCTRUNNER = YES;
			};
			name = Debug;
		};
		574881211C89EEF100A3806F /* Release */ = {
			isa = XCBuildConfiguration;
			buildSettings = {
				INFOPLIST_FILE = productGroceriesUITests/Info.plist;
				LD_RUNPATH_SEARCH_PATHS = "$(inherited) @executable_path/Frameworks @loader_path/Frameworks";
				PRODUCT_BUNDLE_IDENTIFIER = com.tinygamefactory.productGroceriesUITests;
				PRODUCT_NAME = "$(TARGET_NAME)";
				PROVISIONING_PROFILE = "";
				SWIFT_VERSION = 3.0;
				USES_XCTRUNNER = YES;
			};
			name = Release;
		};
/* End XCBuildConfiguration section */

/* Begin XCConfigurationList section */
		574880EA1C89EEF000A3806F /* Build configuration list for PBXProject "productGroceries" */ = {
			isa = XCConfigurationList;
			buildConfigurations = (
				574881171C89EEF100A3806F /* Debug */,
				574881181C89EEF100A3806F /* Release */,
			);
			defaultConfigurationIsVisible = 0;
			defaultConfigurationName = Release;
		};
		574881191C89EEF100A3806F /* Build configuration list for PBXNativeTarget "productGroceries" */ = {
			isa = XCConfigurationList;
			buildConfigurations = (
				5748811A1C89EEF100A3806F /* Debug */,
				5748811B1C89EEF100A3806F /* Release */,
			);
			defaultConfigurationIsVisible = 0;
			defaultConfigurationName = Release;
		};
		5748811C1C89EEF100A3806F /* Build configuration list for PBXNativeTarget "productGroceriesTests" */ = {
			isa = XCConfigurationList;
			buildConfigurations = (
				5748811D1C89EEF100A3806F /* Debug */,
				5748811E1C89EEF100A3806F /* Release */,
			);
			defaultConfigurationIsVisible = 0;
			defaultConfigurationName = Release;
		};
		5748811F1C89EEF100A3806F /* Build configuration list for PBXNativeTarget "productGroceriesUITests" */ = {
			isa = XCConfigurationList;
			buildConfigurations = (
				574881201C89EEF100A3806F /* Debug */,
				574881211C89EEF100A3806F /* Release */,
			);
			defaultConfigurationIsVisible = 0;
			defaultConfigurationName = Release;
		};
/* End XCConfigurationList section */

/* Begin XCVersionGroup section */
		574AD0BD1CBC6A6F0008A580 /* productGroceries.xcdatamodeld */ = {
			isa = XCVersionGroup;
			children = (
				574AD0BE1CBC6A6F0008A580 /* productGroceries.xcdatamodel */,
			);
			currentVersion = 574AD0BE1CBC6A6F0008A580 /* productGroceries.xcdatamodel */;
			name = productGroceries.xcdatamodeld;
			path = productGroceries/productGroceries.xcdatamodeld;
			sourceTree = "<group>";
			versionGroupType = wrapper.xcdatamodel;
		};
/* End XCVersionGroup section */
	};
	rootObject = 574880E71C89EEF000A3806F /* Project object */;
}
